
Microsoft Visual Studio Solution File, Format Version 12.00
# Visual Studio Version 17
VisualStudioVersion = 17.11.35219.272
MinimumVisualStudioVersion = 10.0.40219.1
Project("{FAE04EC0-301F-11D3-BF4B-00C04F79EFBC}") = "DA", "DA\DA.csproj", "{8D0A89E7-86F4-4BC5-A25F-F66540CC79F7}"
EndProject
Global
	GlobalSection(SolutionConfigurationPlatforms) = preSolution
		Debug|Any CPU = Debug|Any CPU
		Release|Any CPU = Release|Any CPU
	EndGlobalSection
	GlobalSection(ProjectConfigurationPlatforms) = postSolution
		{8D0A89E7-86F4-4BC5-A25F-F66540CC79F7}.Debug|Any CPU.ActiveCfg = Debug|Any CPU
		{8D0A89E7-86F4-4BC5-A25F-F66540CC79F7}.Debug|Any CPU.Build.0 = Debug|Any CPU
		{8D0A89E7-86F4-4BC5-A25F-F66540CC79F7}.Release|Any CPU.ActiveCfg = Release|Any CPU
		{8D0A89E7-86F4-4BC5-A25F-F66540CC79F7}.Release|Any CPU.Build.0 = Release|Any CPU
	EndGlobalSection
	GlobalSection(SolutionProperties) = preSolution
		HideSolutionNode = FALSE
	EndGlobalSection
	GlobalSection(ExtensibilityGlobals) = postSolution
		SolutionGuid = {B8A41960-F1EF-435C-A5DE-1274F8A42DD0}
	EndGlobalSection
EndGlobal
